{
  "version": "4",
  "specifiers": {
    "jsr:@std/media-types@^1.1.0": "1.1.0"
  },
  "jsr": {
    "@std/media-types@1.1.0": {
      "integrity": "c9d093f0c05c3512932b330e3cc1fe1d627b301db33a4c2c2185c02471d6eaa4"
    }
  },
  "redirects": {
    "https://deno.land/std/http/cookie.ts": "https://deno.land/std@0.224.0/http/cookie.ts",
    "https://deno.land/std/http/file_server.ts": "https://deno.land/std@0.224.0/http/file_server.ts",
    "https://deno.land/std/http/server.ts": "https://deno.land/std@0.224.0/http/server.ts",
    "https://esm.sh/@octokit/app@^14.0.0?target=denonext": "https://esm.sh/@octokit/app@14.1.0?target=denonext",
    "https://esm.sh/@octokit/auth-app@^6.0.0?target=denonext": "https://esm.sh/@octokit/auth-app@6.1.3?target=denonext",
    "https://esm.sh/@octokit/auth-oauth-app@^7.0.0?target=denonext": "https://esm.sh/@octokit/auth-oauth-app@7.1.0?target=denonext",
    "https://esm.sh/@octokit/auth-oauth-app@^7.1.0?target=denonext": "https://esm.sh/@octokit/auth-oauth-app@7.1.0?target=denonext",
    "https://esm.sh/@octokit/auth-oauth-device@^6.1.0?target=denonext": "https://esm.sh/@octokit/auth-oauth-device@6.1.0?target=denonext",
    "https://esm.sh/@octokit/auth-oauth-user@^4.0.0?target=denonext": "https://esm.sh/@octokit/auth-oauth-user@4.1.0?target=denonext",
    "https://esm.sh/@octokit/auth-oauth-user@^4.1.0?target=denonext": "https://esm.sh/@octokit/auth-oauth-user@4.1.0?target=denonext",
    "https://esm.sh/@octokit/auth-token@^4.0.0?target=denonext": "https://esm.sh/@octokit/auth-token@4.0.0?target=denonext",
    "https://esm.sh/@octokit/auth-unauthenticated@^5.0.0?target=denonext": "https://esm.sh/@octokit/auth-unauthenticated@5.0.1?target=denonext",
    "https://esm.sh/@octokit/core@5?target=denonext": "https://esm.sh/@octokit/core@5.2.0?target=denonext",
    "https://esm.sh/@octokit/core@^5.0.0?target=denonext": "https://esm.sh/@octokit/core@5.2.0?target=denonext",
    "https://esm.sh/@octokit/endpoint@^9.0.1?target=denonext": "https://esm.sh/@octokit/endpoint@9.0.5?target=denonext",
    "https://esm.sh/@octokit/graphql@^7.1.0?target=denonext": "https://esm.sh/@octokit/graphql@7.1.0?target=denonext",
    "https://esm.sh/@octokit/oauth-app@^6.0.0?target=denonext": "https://esm.sh/@octokit/oauth-app@6.1.0?target=denonext",
    "https://esm.sh/@octokit/oauth-authorization-url@^6.0.2?target=denonext": "https://esm.sh/@octokit/oauth-authorization-url@6.0.2?target=denonext",
    "https://esm.sh/@octokit/oauth-methods@^4.0.0?target=denonext": "https://esm.sh/@octokit/oauth-methods@4.1.0?target=denonext",
    "https://esm.sh/@octokit/oauth-methods@^4.1.0?target=denonext": "https://esm.sh/@octokit/oauth-methods@4.1.0?target=denonext",
    "https://esm.sh/@octokit/plugin-paginate-graphql@^4.0.0?target=denonext": "https://esm.sh/@octokit/plugin-paginate-graphql@4.0.1?target=denonext",
    "https://esm.sh/@octokit/plugin-paginate-rest@^8.0.0?target=denonext": "https://esm.sh/@octokit/plugin-paginate-rest@8.0.0?target=denonext",
    "https://esm.sh/@octokit/plugin-paginate-rest@^9.0.0?target=denonext": "https://esm.sh/@octokit/plugin-paginate-rest@9.2.1?target=denonext",
    "https://esm.sh/@octokit/plugin-rest-endpoint-methods@^9.0.0?target=denonext": "https://esm.sh/@octokit/plugin-rest-endpoint-methods@9.0.0?target=denonext",
    "https://esm.sh/@octokit/plugin-retry@^6.0.0?target=denonext": "https://esm.sh/@octokit/plugin-retry@6.1.0?target=denonext",
    "https://esm.sh/@octokit/plugin-throttling@^7.0.0?target=denonext": "https://esm.sh/@octokit/plugin-throttling@7.0.0?target=denonext",
    "https://esm.sh/@octokit/request-error@^5.0.0?target=denonext": "https://esm.sh/@octokit/request-error@5.1.0?target=denonext",
    "https://esm.sh/@octokit/request-error@^5.1.0?target=denonext": "https://esm.sh/@octokit/request-error@5.1.0?target=denonext",
    "https://esm.sh/@octokit/request@^8.3.0?target=denonext": "https://esm.sh/@octokit/request@8.4.0?target=denonext",
    "https://esm.sh/@octokit/request@^8.3.1?target=denonext": "https://esm.sh/@octokit/request@8.4.0?target=denonext",
    "https://esm.sh/@octokit/webhooks-methods@^4.1.0?target=denonext": "https://esm.sh/@octokit/webhooks-methods@4.1.0?target=denonext",
    "https://esm.sh/@octokit/webhooks@^12.0.4?target=denonext": "https://esm.sh/@octokit/webhooks@12.3.1?target=denonext",
    "https://esm.sh/@wolfy1339/lru-cache@^11.0.2-patch.1?target=denonext": "https://esm.sh/@wolfy1339/lru-cache@11.0.2-patch.1?target=denonext",
    "https://esm.sh/aggregate-error@^3.1.0?target=denonext": "https://esm.sh/aggregate-error@3.1.0?target=denonext",
    "https://esm.sh/before-after-hook@^2.2.0?target=denonext": "https://esm.sh/before-after-hook@2.2.3?target=denonext",
    "https://esm.sh/bottleneck@^2.15.3/light?target=denonext": "https://esm.sh/bottleneck@2.19.5/light?target=denonext",
    "https://esm.sh/btoa-lite@^1.0.0?target=denonext": "https://esm.sh/btoa-lite@1.0.0?target=denonext",
    "https://esm.sh/clean-stack@^2.0.0?target=denonext": "https://esm.sh/clean-stack@2.2.0?target=denonext",
    "https://esm.sh/deprecation@^2.0.0?target=denonext": "https://esm.sh/deprecation@2.3.1?target=denonext",
    "https://esm.sh/deprecation@^2.3.1?target=denonext": "https://esm.sh/deprecation@2.3.1?target=denonext",
    "https://esm.sh/once@^1.4.0?target=denonext": "https://esm.sh/once@1.4.0?target=denonext",
    "https://esm.sh/universal-github-app-jwt@^1.1.2?target=denonext": "https://esm.sh/universal-github-app-jwt@1.2.0?target=denonext",
    "https://esm.sh/universal-user-agent@^6.0.0?target=denonext": "https://esm.sh/universal-user-agent@6.0.1?target=denonext",
    "https://esm.sh/wrappy@1?target=denonext": "https://esm.sh/wrappy@1.0.2?target=denonext"
  },
  "remote": {
    "https://deno.land/std@0.204.0/async/delay.ts": "a6142eb44cdd856b645086af2b811b1fcce08ec06bb7d50969e6a872ee9b8659",
    "https://deno.land/std@0.204.0/dotenv/mod.ts": "1da8c6d0e7f7d8a5c2b19400b763bc11739df24acec235dda7ea2cfd3d300057",
    "https://deno.land/std@0.204.0/http/server.ts": "1b2403b3c544c0624ad23e8ca4e05877e65380d9e0d75d04957432d65c3d5f41",
    "https://deno.land/std@0.224.0/assert/assert.ts": "09d30564c09de846855b7b071e62b5974b001bb72a4b797958fe0660e7849834",
    "https://deno.land/std@0.224.0/assert/assertion_error.ts": "ba8752bd27ebc51f723702fac2f54d3e94447598f54264a6653d6413738a8917",
    "https://deno.land/std@0.224.0/async/delay.ts": "f90dd685b97c2f142b8069082993e437b1602b8e2561134827eeb7c12b95c499",
    "https://deno.land/std@0.224.0/cli/parse_args.ts": "5250832fb7c544d9111e8a41ad272c016f5a53f975ef84d5a9fe5fcb70566ece",
    "https://deno.land/std@0.224.0/encoding/_util.ts": "beacef316c1255da9bc8e95afb1fa56ed69baef919c88dc06ae6cb7a6103d376",
    "https://deno.land/std@0.224.0/encoding/base64.ts": "dd59695391584c8ffc5a296ba82bcdba6dd8a84d41a6a539fbee8e5075286eaf",
    "https://deno.land/std@0.224.0/fmt/bytes.ts": "7b294a4b9cf0297efa55acb55d50610f3e116a0ac772d1df0ae00f0b833ccd4a",
    "https://deno.land/std@0.224.0/fmt/colors.ts": "508563c0659dd7198ba4bbf87e97f654af3c34eb56ba790260f252ad8012e1c5",
    "https://deno.land/std@0.224.0/http/cookie.ts": "a377fa60175ba5f61dd4b8a70b34f2bbfbc70782dfd5faf36d314c42e4306006",
    "https://deno.land/std@0.224.0/http/etag.ts": "9ca56531be682f202e4239971931060b688ee5c362688e239eeaca39db9e72cb",
    "https://deno.land/std@0.224.0/http/file_server.ts": "2a5392195b8e7713288f274d071711b705bb5b3220294d76cce495d456c61a93",
    "https://deno.land/std@0.224.0/http/server.ts": "f9313804bf6467a1704f45f76cb6cd0a3396a3b31c316035e6a4c2035d1ea514",
    "https://deno.land/std@0.224.0/http/status.ts": "ed61b4882af2514a81aefd3245e8df4c47b9a8e54929a903577643d2d1ebf514",
    "https://deno.land/std@0.224.0/media_types/_db.ts": "19563a2491cd81b53b9c1c6ffd1a9145c355042d4a854c52f6e1424f73ff3923",
    "https://deno.land/std@0.224.0/media_types/_util.ts": "e0b8da0c7d8ad2015cf27ac16ddf0809ac984b2f3ec79f7fa4206659d4f10deb",
    "https://deno.land/std@0.224.0/media_types/content_type.ts": "ed3f2e1f243b418ad3f441edc95fd92efbadb0f9bde36219c7564c67f9639513",
    "https://deno.land/std@0.224.0/media_types/format_media_type.ts": "ffef4718afa2489530cb94021bb865a466eb02037609f7e82899c017959d288a",
    "https://deno.land/std@0.224.0/media_types/get_charset.ts": "277ebfceb205bd34e616fe6764ef03fb277b77f040706272bea8680806ae3f11",
    "https://deno.land/std@0.224.0/media_types/parse_media_type.ts": "487f000a38c230ccbac25420a50f600862e06796d0eee19d19631b9e84ee9654",
    "https://deno.land/std@0.224.0/media_types/type_by_extension.ts": "bf4e3f5d6b58b624d5daa01cbb8b1e86d9939940a77e7c26e796a075b60ec73b",
    "https://deno.land/std@0.224.0/media_types/vendor/mime-db.v1.52.0.ts": "0218d2c7d900e8cd6fa4a866e0c387712af4af9a1bae55d6b2546c73d273a1e6",
    "https://deno.land/std@0.224.0/path/_common/assert_path.ts": "dbdd757a465b690b2cc72fc5fb7698c51507dec6bfafce4ca500c46b76ff7bd8",
    "https://deno.land/std@0.224.0/path/_common/constants.ts": "dc5f8057159f4b48cd304eb3027e42f1148cf4df1fb4240774d3492b5d12ac0c",
    "https://deno.land/std@0.224.0/path/_common/normalize.ts": "684df4aa71a04bbcc346c692c8485594fc8a90b9408dfbc26ff32cf3e0c98cc8",
    "https://deno.land/std@0.224.0/path/_common/normalize_string.ts": "33edef773c2a8e242761f731adeb2bd6d683e9c69e4e3d0092985bede74f4ac3",
    "https://deno.land/std@0.224.0/path/_common/relative.ts": "faa2753d9b32320ed4ada0733261e3357c186e5705678d9dd08b97527deae607",
    "https://deno.land/std@0.224.0/path/_os.ts": "8fb9b90fb6b753bd8c77cfd8a33c2ff6c5f5bc185f50de8ca4ac6a05710b2c15",
    "https://deno.land/std@0.224.0/path/constants.ts": "0c206169ca104938ede9da48ac952de288f23343304a1c3cb6ec7625e7325f36",
    "https://deno.land/std@0.224.0/path/extname.ts": "593303db8ae8c865cbd9ceec6e55d4b9ac5410c1e276bfd3131916591b954441",
    "https://deno.land/std@0.224.0/path/join.ts": "ae2ec5ca44c7e84a235fd532e4a0116bfb1f2368b394db1c4fb75e3c0f26a33a",
    "https://deno.land/std@0.224.0/path/posix/_util.ts": "1e3937da30f080bfc99fe45d7ed23c47dd8585c5e473b2d771380d3a6937cf9d",
    "https://deno.land/std@0.224.0/path/posix/extname.ts": "e398c1d9d1908d3756a7ed94199fcd169e79466dd88feffd2f47ce0abf9d61d2",
    "https://deno.land/std@0.224.0/path/posix/join.ts": "7fc2cb3716aa1b863e990baf30b101d768db479e70b7313b4866a088db016f63",
    "https://deno.land/std@0.224.0/path/posix/normalize.ts": "baeb49816a8299f90a0237d214cef46f00ba3e95c0d2ceb74205a6a584b58a91",
    "https://deno.land/std@0.224.0/path/posix/relative.ts": "3907d6eda41f0ff723d336125a1ad4349112cd4d48f693859980314d5b9da31c",
    "https://deno.land/std@0.224.0/path/posix/resolve.ts": "08b699cfeee10cb6857ccab38fa4b2ec703b0ea33e8e69964f29d02a2d5257cf",
    "https://deno.land/std@0.224.0/path/relative.ts": "ab739d727180ed8727e34ed71d976912461d98e2b76de3d3de834c1066667add",
    "https://deno.land/std@0.224.0/path/resolve.ts": "a6f977bdb4272e79d8d0ed4333e3d71367cc3926acf15ac271f1d059c8494d8d",
    "https://deno.land/std@0.224.0/path/windows/_util.ts": "d5f47363e5293fced22c984550d5e70e98e266cc3f31769e1710511803d04808",
    "https://deno.land/std@0.224.0/path/windows/extname.ts": "165a61b00d781257fda1e9606a48c78b06815385e7d703232548dbfc95346bef",
    "https://deno.land/std@0.224.0/path/windows/join.ts": "8d03530ab89195185103b7da9dfc6327af13eabdcd44c7c63e42e27808f50ecf",
    "https://deno.land/std@0.224.0/path/windows/normalize.ts": "78126170ab917f0ca355a9af9e65ad6bfa5be14d574c5fb09bb1920f52577780",
    "https://deno.land/std@0.224.0/path/windows/relative.ts": "3e1abc7977ee6cc0db2730d1f9cb38be87b0ce4806759d271a70e4997fc638d7",
    "https://deno.land/std@0.224.0/path/windows/resolve.ts": "8dae1dadfed9d46ff46cc337c9525c0c7d959fb400a6308f34595c45bdca1972",
    "https://deno.land/std@0.224.0/streams/byte_slice_stream.ts": "5bbdcadb118390affa9b3d0a0f73ef8e83754f59bb89df349add669dd9369713",
    "https://deno.land/std@0.224.0/version.ts": "f6a28c9704d82d1c095988777e30e6172eb674a6570974a0d27a653be769bbbe",
    "https://esm.sh/@octokit/app@14.1.0/denonext/app.mjs": "4a1614c9f10a913d5cbd5813ef4aab4a8f5ec19131f517af020886f1803003e7",
    "https://esm.sh/@octokit/app@14.1.0?target=denonext": "84f76d4dcd3a12ef2abd7fb74baec0edc6cdf6722c4ff6858cb04f28cca4aae5",
    "https://esm.sh/@octokit/auth-app@6.1.3/denonext/auth-app.mjs": "6b19779d647cae6dddaa6cf74035da1f5a968012fcfd4ec9713fa26017d190bd",
    "https://esm.sh/@octokit/auth-app@6.1.3?target=denonext": "9a3ae636b29117a2e1b4d97fee8a1b22b44a8db512f686a8f231e9752fa140dc",
    "https://esm.sh/@octokit/auth-oauth-app@7.1.0/denonext/auth-oauth-app.mjs": "1049156762c5ec0b68a2c89a9a66e8d3ccc271a1bbc8a5dce427d3194a2eb5db",
    "https://esm.sh/@octokit/auth-oauth-app@7.1.0?target=denonext": "2922c6b50ec71dc71ab874898a579766a4157fd4f78c044f6275e749243b6343",
    "https://esm.sh/@octokit/auth-oauth-device@6.1.0/denonext/auth-oauth-device.mjs": "31f7cb5c0fc640cbad3414d49f0df0f0c2aeb961769d8efe9a480a27d2d205bc",
    "https://esm.sh/@octokit/auth-oauth-device@6.1.0?target=denonext": "71335e018fa2a332b038cf3d8192d65600220ef34b20fb923c5f851e609a41b1",
    "https://esm.sh/@octokit/auth-oauth-user@4.1.0/denonext/auth-oauth-user.mjs": "76ad4f7e2d818ffa5fd117b46f081bf238355df416b7fd896e277e0dc0839f1b",
    "https://esm.sh/@octokit/auth-oauth-user@4.1.0?target=denonext": "51993be28ebd499dccb85490af4f937de1cf1b5b18c58867f39fc75ee9f33f25",
    "https://esm.sh/@octokit/auth-token@4.0.0/denonext/auth-token.mjs": "b86bb5125999c0f4bdfec51cd7612b7b0bc5e80efc8a5661751bb72c4af84264",
    "https://esm.sh/@octokit/auth-token@4.0.0?target=denonext": "b57936266bd7ea66be825e7774d6c863431b4f52017146b0ee87c087e0a5f193",
    "https://esm.sh/@octokit/auth-unauthenticated@5.0.1/denonext/auth-unauthenticated.mjs": "68c0878921995082bbe5c5faaa1501d7785114d005ef0983bcbd8f4519245648",
    "https://esm.sh/@octokit/auth-unauthenticated@5.0.1?target=denonext": "7e261d030d9f79ac40fd74e439349eec029a60433e6715fd663ea14159ab295f",
    "https://esm.sh/@octokit/core@5.2.0/denonext/core.mjs": "0aa7a336fde4bf9f511bf0b12b026268df43949fc92d5c9942d69080b6dd5008",
    "https://esm.sh/@octokit/core@5.2.0?target=denonext": "e528a5fc4e1997abafc8e4fb32a69010beb619c07ad1f6e8aebaf3119fb2628f",
    "https://esm.sh/@octokit/endpoint@9.0.5/denonext/endpoint.mjs": "dc843524c2e0e4937372ff35aec864e34b7430763245c30cdfd57a0b913a9d43",
    "https://esm.sh/@octokit/endpoint@9.0.5?target=denonext": "25283fcd830d1aab6fb47f11b3a7b66df1dada2f37af2461708ceb7c560fe4b3",
    "https://esm.sh/@octokit/graphql@7.1.0/denonext/graphql.mjs": "a35d7eca4b8ad65c58c3529aa3910ca9b90bf7b3204801593ccd8253cf4a794b",
    "https://esm.sh/@octokit/graphql@7.1.0?target=denonext": "2cf16a7a5789bd3a3cd8f2a28b7138ef256f6411b4b7f5ccb5e00c153e15e0de",
    "https://esm.sh/@octokit/oauth-app@6.1.0/denonext/oauth-app.mjs": "a084600a3474c407536049883e32507f203506a3660d87e6a0132f8e6aa52f8e",
    "https://esm.sh/@octokit/oauth-app@6.1.0?target=denonext": "597110a9564ddd2c193e144d630365c9b0ad7a0817a5ff77dbbfc2d305cfbafc",
    "https://esm.sh/@octokit/oauth-authorization-url@6.0.2/denonext/oauth-authorization-url.mjs": "ea66a2558007c7bf590119d997f92e09872ce16c74b6bee772f1f5cad7cba4bd",
    "https://esm.sh/@octokit/oauth-authorization-url@6.0.2?target=denonext": "08e4d435c1601384aa1d275692d0c8e112c3eab4fd263bc8236cbe007329f8a8",
    "https://esm.sh/@octokit/oauth-methods@4.1.0/denonext/oauth-methods.mjs": "cb6706d9e324ee232235f970aca84c561637946604355d20e000040eba313429",
    "https://esm.sh/@octokit/oauth-methods@4.1.0?target=denonext": "6c9a6cf8f9d1046f1930cbd5462ace014d61ab53a874c681678ccb7e1ba7d27d",
    "https://esm.sh/@octokit/plugin-paginate-graphql@4.0.1/denonext/plugin-paginate-graphql.mjs": "910058ad36242867250e6ac298253cab618156b5eb4d0d54f57400a0bab08c77",
    "https://esm.sh/@octokit/plugin-paginate-graphql@4.0.1?target=denonext": "b7618ee18bdbf94afb39423d5f26d744d7e49379e12eb7bdcc2657a3a34f1ee3",
    "https://esm.sh/@octokit/plugin-paginate-rest@8.0.0/denonext/plugin-paginate-rest.mjs": "afec58d756b71766215ba9e1625c07cc11e64b3c2d4ba369f666d82a737ac444",
    "https://esm.sh/@octokit/plugin-paginate-rest@8.0.0?target=denonext": "2c74591d6157b3f5428b126642915eec99552695e5b2c9332fd3ed54908c344d",
    "https://esm.sh/@octokit/plugin-paginate-rest@9.2.1/denonext/plugin-paginate-rest.mjs": "ed386dde3224aac0a753989a3c3a2e41630268aac394bf33949ffff8618c8c90",
    "https://esm.sh/@octokit/plugin-paginate-rest@9.2.1?target=denonext": "b60b4d80d4b2652cd8193beb4ed14e1699f8cadda8e803126112d37edb97934b",
    "https://esm.sh/@octokit/plugin-rest-endpoint-methods@9.0.0/denonext/plugin-rest-endpoint-methods.mjs": "c0c20909267e9959ce219b4cdb01fffd4396bc68f9fdffef4189d8e72414d531",
    "https://esm.sh/@octokit/plugin-rest-endpoint-methods@9.0.0?target=denonext": "04b14b29db81613f263df005a0951a7f0652094c72450e76b3045ed8d7d44797",
    "https://esm.sh/@octokit/plugin-retry@6.1.0/denonext/plugin-retry.mjs": "5c0b36f2065839b07b5d1300e2bf9a7dceb1e8493c84c40b749e2a109591db33",
    "https://esm.sh/@octokit/plugin-retry@6.1.0?target=denonext": "52eb92f3c1bc2a2248854cef2a1aa1a50a4e975c5aa8d3a0d9d6ced46da2c9a6",
    "https://esm.sh/@octokit/plugin-throttling@7.0.0/denonext/plugin-throttling.mjs": "959277049465891fae4d5b6810855e6a629f23121052a3a17b87126e73f24e8f",
    "https://esm.sh/@octokit/plugin-throttling@7.0.0?target=denonext": "e0b996e3ef383ce3f48177af20ceffb251a376754757aeb1abd073e7cac75846",
    "https://esm.sh/@octokit/request-error@5.1.0/denonext/request-error.mjs": "c415697594b3e294c051a7c729b5581c5effdd503f1ee2aa15658775ee15eeb9",
    "https://esm.sh/@octokit/request-error@5.1.0?target=denonext": "ef034d34cec1514b011adaf831cfcecd58c477606c7c4ae6b608e2d0dd8b4554",
    "https://esm.sh/@octokit/request@8.4.0/denonext/request.mjs": "275a443406433e9093b6287b4f855bcf088281efd56079bc9647c49aeda2e6df",
    "https://esm.sh/@octokit/request@8.4.0?target=denonext": "a10abd32d2d23392ddf279ff059aee18c653d1aac351ffc559fa757aab6f63d4",
    "https://esm.sh/@octokit/webhooks-methods@4.1.0/denonext/webhooks-methods.mjs": "a2132843cb46ce3b2ecbedd16f65947100e1a88ce94e53548758d0d74c396a14",
    "https://esm.sh/@octokit/webhooks-methods@4.1.0?target=denonext": "7b654435a121e6a5cab9cd3dc2d58e5734e15e80dd383f4abc6b49c9ce203460",
    "https://esm.sh/@octokit/webhooks@12.3.1/denonext/webhooks.mjs": "9ef9c3e316541c03e48c3ea249e67372943bd197c0844cdfaad00d28f7908a71",
    "https://esm.sh/@octokit/webhooks@12.3.1?target=denonext": "3646c026970deae52acdf9d01fb7f3f57c3394fbc299eba961a1d87c9c217e46",
    "https://esm.sh/@wolfy1339/lru-cache@11.0.2-patch.1/denonext/lru-cache.mjs": "780c084e97e81ffe155feb5f82c42e95dde1683cc9b2b9c8bec0f009e3473324",
    "https://esm.sh/@wolfy1339/lru-cache@11.0.2-patch.1?target=denonext": "e074c6fbf945554c9adbe63e272fed64f7ff8c9b4d2f3db9662459351d8a9e19",
    "https://esm.sh/aggregate-error@3.1.0/denonext/aggregate-error.mjs": "4f0ade0ae1ccf46f9eb72f4a341277b1a4906c17ffee18a533d90b255eea08c5",
    "https://esm.sh/aggregate-error@3.1.0?target=denonext": "88151f9fa0632eb74b1735c9554a37b98decb1180a97168634899a3e1246eca3",
    "https://esm.sh/before-after-hook@2.2.3/denonext/before-after-hook.mjs": "4b617b81d962407f6bc19a99d5b54c698af6b01f3a190683977ca7e03a3ff520",
    "https://esm.sh/before-after-hook@2.2.3?target=denonext": "991635228e0554b196acf2c9192cdbc3abf1c92d93a6d66c243252a0df86e6ce",
    "https://esm.sh/bottleneck@2.19.5/denonext/light.mjs": "943b72d08b33e678a4f64bf2ce9a0468f9356ee65092af9c893fa25d3be6518b",
    "https://esm.sh/bottleneck@2.19.5/light?target=denonext": "c53ee9007926e5a49e291e0a0f2e1113735d65271a33eb609ac9ad309def4878",
    "https://esm.sh/btoa-lite@1.0.0/denonext/btoa-lite.mjs": "fbb6f7fd9af85c508a74dd2c4625330b776ce8a5d237c43d6b8e6d4f55982b1c",
    "https://esm.sh/btoa-lite@1.0.0?target=denonext": "5173dc00bcb8f037968b836ebb5dc5408c3cb2f7d5795be8f1e7247d747f0a86",
    "https://esm.sh/clean-stack@2.2.0/denonext/clean-stack.mjs": "542418289caeebd606ec9abc0e13f3cd2f141699d833c7b452d34cee4dc342a1",
    "https://esm.sh/clean-stack@2.2.0?target=denonext": "c34e36f25257823d7f559a456b11a84aee1a4de1737f0854a4c79965295a8fc4",
    "https://esm.sh/deprecation@2.3.1/denonext/deprecation.mjs": "3e9b21d4768a3460b3644cdede4753e2825e2ef3d3d522eedd9d5ea17028a141",
    "https://esm.sh/deprecation@2.3.1?target=denonext": "5bf8ab3fd3086938b9892ee6849f8508da9229376ab8f7c25e1ce75a65dbd1e6",
    "https://esm.sh/octokit@3.1.0": "e95e2ff4f6add30f3109eb6dd6e2e2a5f2efed8b11ce0a98153b66bf21d5c83f",
    "https://esm.sh/octokit@3.1.0/denonext/octokit.mjs": "d2395bbca55b80098e017759604c31f011bd40e177c67d930bdd4a83156cd487",
    "https://esm.sh/once@1.4.0/denonext/once.mjs": "cb2ad3a1bf30d4a2400ad6f8477c36fcee3538a95729e6bf071a8446dd69fbea",
    "https://esm.sh/once@1.4.0?target=denonext": "76b137ba41d1f2fb149bfcad1d01565884edf385635622611ce3d9fc8b8b54ce",
    "https://esm.sh/universal-github-app-jwt@1.2.0/denonext/universal-github-app-jwt.mjs": "d0f94a4adef4c8e4e55f5f4d4f23fc142d0bdc3744dacb6004eb63ab29ff9a00",
    "https://esm.sh/universal-github-app-jwt@1.2.0?target=denonext": "86e8acc3a7814ff5cda94032b1613cd6d03a3b9120d5df33d817bfc74bdddf8e",
    "https://esm.sh/universal-user-agent@6.0.1/denonext/universal-user-agent.mjs": "881223d53c5bd909a858e09075072db5ab6f9e30b864528ed1e594f3d538af2a",
    "https://esm.sh/universal-user-agent@6.0.1?target=denonext": "61f20abb96ece96c74a807193d409ef1b80d7386932b741d6a36eb834fb8e70f",
    "https://esm.sh/wrappy@1.0.2/denonext/wrappy.mjs": "9b30fecc8c0ab8657d63ee25d8d67f22fed7ce32136e667f7da1e88cbc8b8ef4",
    "https://esm.sh/wrappy@1.0.2?target=denonext": "8320150f54fb04978cacf7cfc557e43eca3b628375e09d45e78268d8035def7f"
  },
  "workspace": {
    "dependencies": [
      "jsr:@std/media-types@^1.1.0"
    ]
  }
}
